
Microsoft Visual Studio Solution File, Format Version 12.00
# Visual Studio 15
VisualStudioVersion = 15.0.28307.1082
MinimumVisualStudioVersion = 10.0.40219.1
Project("{FAE04EC0-301F-11D3-BF4B-00C04F79EFBC}") = "Meami", "Meami\Meami.csproj", "{D1A6C49F-E50A-4784-9B96-54F548854480}"
EndProject
Global
	GlobalSection(SolutionConfigurationPlatforms) = preSolution
		Debug|Any CPU = Debug|Any CPU
		Release|Any CPU = Release|Any CPU
	EndGlobalSection
	GlobalSection(ProjectConfigurationPlatforms) = postSolution
		{D1A6C49F-E50A-4784-9B96-54F548854480}.Debug|Any CPU.ActiveCfg = Debug|Any CPU
		{D1A6C49F-E50A-4784-9B96-54F548854480}.Debug|Any CPU.Build.0 = Debug|Any CPU
		{D1A6C49F-E50A-4784-9B96-54F548854480}.Release|Any CPU.ActiveCfg = Release|Any CPU
		{D1A6C49F-E50A-4784-9B96-54F548854480}.Release|Any CPU.Build.0 = Release|Any CPU
	EndGlobalSection
	GlobalSection(SolutionProperties) = preSolution
		HideSolutionNode = FALSE
	EndGlobalSection
	GlobalSection(ExtensibilityGlobals) = postSolution
		SolutionGuid = {29A149E4-1AA6-4A9C-838A-D250914C9B99}
	EndGlobalSection
EndGlobal
